
Microsoft Visual Studio Solution File, Format Version 12.00
# Visual Studio Version 17
VisualStudioVersion = 17.3.32611.2
MinimumVisualStudioVersion = 10.0.40219.1
Project("{FAE04EC0-301F-11D3-BF4B-00C04F79EFBC}") = "AzureQueue.Sender", "AzureQueue.Sender\AzureQueue.Sender.csproj", "{2415AF09-F561-458E-BEF2-8AA90A5F0D13}"
EndProject
Project("{FAE04EC0-301F-11D3-BF4B-00C04F79EFBC}") = "AzureQueue.Receiver", "AzureQueue.Receiver\AzureQueue.Receiver.csproj", "{A563442A-7306-443B-A362-5955587B8264}"
EndProject
Global
	GlobalSection(SolutionConfigurationPlatforms) = preSolution
		Debug|Any CPU = Debug|Any CPU
		Release|Any CPU = Release|Any CPU
	EndGlobalSection
	GlobalSection(ProjectConfigurationPlatforms) = postSolution
		{2415AF09-F561-458E-BEF2-8AA90A5F0D13}.Debug|Any CPU.ActiveCfg = Debug|Any CPU
		{2415AF09-F561-458E-BEF2-8AA90A5F0D13}.Debug|Any CPU.Build.0 = Debug|Any CPU
		{2415AF09-F561-458E-BEF2-8AA90A5F0D13}.Release|Any CPU.ActiveCfg = Release|Any CPU
		{2415AF09-F561-458E-BEF2-8AA90A5F0D13}.Release|Any CPU.Build.0 = Release|Any CPU
		{A563442A-7306-443B-A362-5955587B8264}.Debug|Any CPU.ActiveCfg = Debug|Any CPU
		{A563442A-7306-443B-A362-5955587B8264}.Debug|Any CPU.Build.0 = Debug|Any CPU
		{A563442A-7306-443B-A362-5955587B8264}.Release|Any CPU.ActiveCfg = Release|Any CPU
		{A563442A-7306-443B-A362-5955587B8264}.Release|Any CPU.Build.0 = Release|Any CPU
	EndGlobalSection
	GlobalSection(SolutionProperties) = preSolution
		HideSolutionNode = FALSE
	EndGlobalSection
	GlobalSection(ExtensibilityGlobals) = postSolution
		SolutionGuid = {9189F7E7-287C-4DE7-AA4F-2156F2FA5BBE}
	EndGlobalSection
EndGlobal
